{
  "name": "@local/dsh-pet",
  "version": "0.1.4",
  "lockfileVersion": 3,
  "requires": true,
  "packages": {
    "": {
      "name": "@local/dsh-pet",
      "version": "0.1.4",
      "license": "MIT",
      "devDependencies": {
        "esbuild": "0.28.1"
      },
      "engines": {
        "node": ">=22.19.0"
      }
    }
  }
}
